# THIS IS AN AUTOGENERATED FILE. DO NOT EDIT THIS FILE DIRECTLY.
# yarn lockfile v1


jquery@^3.7.0:
  version "3.7.0"
  resolved "https://registry.npmjs.org/jquery/-/jquery-3.7.0.tgz"
  integrity sha512-umpJ0/k8X0MvD1ds0P9SfowREz2LenHsQaxSohMZ5OMNEU2r0tf8pdeEFTHMFxWVxKNyU9rTtK3CWzUCTKJUeQ==

tabulator-tables@^5.5.1:
  version "5.5.1"
  resolved "https://registry.yarnpkg.com/tabulator-tables/-/tabulator-tables-5.5.1.tgz#c788da18b013d163b95389d3b520a73a135f5ffd"
  integrity sha512-YxWVXbWVgUOMhU/g2xnf7y4Vrk1grYpDftQigbY/yAOKMEfgCRYzNaNEpMZbaimWdCt7KdpIp+lpp+HM5DY5sQ==
